// !$*UTF8*$!
{
	archiveVersion = 1;
	classes = {
	};
	objectVersion = 46;
	objects = {

/* Begin PBXBuildFile section */
		D017FC341DCC357E00ED835C /* AppDelegate.swift in Sources */ = {isa = PBXBuildFile; fileRef = D017FC331DCC357E00ED835C /* AppDelegate.swift */; };
		D017FC361DCC357E00ED835C /* ViewController.swift in Sources */ = {isa = PBXBuildFile; fileRef = D017FC351DCC357E00ED835C /* ViewController.swift */; };
		D017FC391DCC357E00ED835C /* Main.storyboard in Resources */ = {isa = PBXBuildFile; fileRef = D017FC371DCC357E00ED835C /* Main.storyboard */; };
		D017FC3C1DCC357E00ED835C /* testProject.xcdatamodeld in Sources */ = {isa = PBXBuildFile; fileRef = D017FC3A1DCC357E00ED835C /* testProject.xcdatamodeld */; };
		D017FC3E1DCC357F00ED835C /* Assets.xcassets in Resources */ = {isa = PBXBuildFile; fileRef = D017FC3D1DCC357F00ED835C /* Assets.xcassets */; };
		D017FC411DCC357F00ED835C /* LaunchScreen.storyboard in Resources */ = {isa = PBXBuildFile; fileRef = D017FC3F1DCC357F00ED835C /* LaunchScreen.storyboard */; };
		D017FC4C1DCC357F00ED835C /* testProjectTests.swift in Sources */ = {isa = PBXBuildFile; fileRef = D017FC4B1DCC357F00ED835C /* testProjectTests.swift */; };
		D017FC571DCC357F00ED835C /* testProjectUITests.swift in Sources */ = {isa = PBXBuildFile; fileRef = D017FC561DCC357F00ED835C /* testProjectUITests.swift */; };
/* End PBXBuildFile section */

/* Begin PBXContainerItemProxy section */
		D017FC481DCC357F00ED835C /* PBXContainerItemProxy */ = {
			isa = PBXContainerItemProxy;
			containerPortal = D017FC281DCC357E00ED835C /* Project object */;
			proxyType = 1;
			remoteGlobalIDString = D017FC2F1DCC357E00ED835C;
			remoteInfo = testProject;
		};
		D017FC531DCC357F00ED835C /* PBXContainerItemProxy */ = {
			isa = PBXContainerItemProxy;
			containerPortal = D017FC281DCC357E00ED835C /* Project object */;
			proxyType = 1;
			remoteGlobalIDString = D017FC2F1DCC357E00ED835C;
			remoteInfo = testProject;
		};
/* End PBXContainerItemProxy section */

/* Begin PBXFileReference section */
		D017FC301DCC357E00ED835C /* testProject.app */ = {isa = PBXFileReference; explicitFileType = wrapper.application; includeInIndex = 0; path = testProject.app; sourceTree = BUILT_PRODUCTS_DIR; };
		D017FC331DCC357E00ED835C /* AppDelegate.swift */ = {isa = PBXFileReference; lastKnownFileType = sourcecode.swift; path = AppDelegate.swift; sourceTree = "<group>"; };
		D017FC351DCC357E00ED835C /* ViewController.swift */ = {isa = PBXFileReference; lastKnownFileType = sourcecode.swift; path = ViewController.swift; sourceTree = "<group>"; };
		D017FC381DCC357E00ED835C /* Base */ = {isa = PBXFileReference; lastKnownFileType = file.storyboard; name = Base; path = Base.lproj/Main.storyboard; sourceTree = "<group>"; };
		D017FC3B1DCC357E00ED835C /* testProject.xcdatamodel */ = {isa = PBXFileReference; lastKnownFileType = wrapper.xcdatamodel; path = testProject.xcdatamodel; sourceTree = "<group>"; };
		D017FC3D1DCC357F00ED835C /* Assets.xcassets */ = {isa = PBXFileReference; lastKnownFileType = folder.assetcatalog; path = Assets.xcassets; sourceTree = "<group>"; };
		D017FC401DCC357F00ED835C /* Base */ = {isa = PBXFileReference; lastKnownFileType = file.storyboard; name = Base; path = Base.lproj/LaunchScreen.storyboard; sourceTree = "<group>"; };
		D017FC421DCC357F00ED835C /* Info.plist */ = {isa = PBXFileReference; lastKnownFileType = text.plist.xml; path = Info.plist; sourceTree = "<group>"; };
		D017FC471DCC357F00ED835C /* testProjectTests.xctest */ = {isa = PBXFileReference; explicitFileType = wrapper.cfbundle; includeInIndex = 0; path = testProjectTests.xctest; sourceTree = BUILT_PRODUCTS_DIR; };
		D017FC4B1DCC357F00ED835C /* testProjectTests.swift */ = {isa = PBXFileReference; lastKnownFileType = sourcecode.swift; path = testProjectTests.swift; sourceTree = "<group>"; };
		D017FC4D1DCC357F00ED835C /* Info.plist */ = {isa = PBXFileReference; lastKnownFileType = text.plist.xml; path = Info.plist; sourceTree = "<group>"; };
		D017FC521DCC357F00ED835C /* testProjectUITests.xctest */ = {isa = PBXFileReference; explicitFileType = wrapper.cfbundle; includeInIndex = 0; path = testProjectUITests.xctest; sourceTree = BUILT_PRODUCTS_DIR; };
		D017FC561DCC357F00ED835C /* testProjectUITests.swift */ = {isa = PBXFileReference; lastKnownFileType = sourcecode.swift; path = testProjectUITests.swift; sourceTree = "<group>"; };
		D017FC581DCC357F00ED835C /* Info.plist */ = {isa = PBXFileReference; lastKnownFileType = text.plist.xml; path = Info.plist; sourceTree = "<group>"; };
/* End PBXFileReference section */

/* Begin PBXFrameworksBuildPhase section */
		D017FC2D1DCC357E00ED835C /* Frameworks */ = {
			isa = PBXFrameworksBuildPhase;
			buildActionMask = 2147483647;
			files = (
			);
			runOnlyForDeploymentPostprocessing = 0;
		};
		D017FC441DCC357F00ED835C /* Frameworks */ = {
			isa = PBXFrameworksBuildPhase;
			buildActionMask = 2147483647;
			files = (
			);
			runOnlyForDeploymentPostprocessing = 0;
		};
		D017FC4F1DCC357F00ED835C /* Frameworks */ = {
			isa = PBXFrameworksBuildPhase;
			buildActionMask = 2147483647;
			files = (
			);
			runOnlyForDeploymentPostprocessing = 0;
		};
/* End PBXFrameworksBuildPhase section */

/* Begin PBXGroup section */
		D017FC271DCC357E00ED835C = {
			isa = PBXGroup;
			children = (
				D017FC321DCC357E00ED835C /* testProject */,
				D017FC4A1DCC357F00ED835C /* testProjectTests */,
				D017FC551DCC357F00ED835C /* testProjectUITests */,
				D017FC311DCC357E00ED835C /* Products */,
			);
			sourceTree = "<group>";
		};
		D017FC311DCC357E00ED835C /* Products */ = {
			isa = PBXGroup;
			children = (
				D017FC301DCC357E00ED835C /* testProject.app */,
				D017FC471DCC357F00ED835C /* testProjectTests.xctest */,
				D017FC521DCC357F00ED835C /* testProjectUITests.xctest */,
			);
			name = Products;
			sourceTree = "<group>";
		};
		D017FC321DCC357E00ED835C /* testProject */ = {
			isa = PBXGroup;
			children = (
				D017FC331DCC357E00ED835C /* AppDelegate.swift */,
				D017FC351DCC357E00ED835C /* ViewController.swift */,
				D017FC371DCC357E00ED835C /* Main.storyboard */,
				D017FC3D1DCC357F00ED835C /* Assets.xcassets */,
				D017FC3F1DCC357F00ED835C /* LaunchScreen.storyboard */,
				D017FC421DCC357F00ED835C /* Info.plist */,
				D017FC3A1DCC357E00ED835C /* testProject.xcdatamodeld */,
			);
			path = testProject;
			sourceTree = "<group>";
		};
		D017FC4A1DCC357F00ED835C /* testProjectTests */ = {
			isa = PBXGroup;
			children = (
				D017FC4B1DCC357F00ED835C /* testProjectTests.swift */,
				D017FC4D1DCC357F00ED835C /* Info.plist */,
			);
			path = testProjectTests;
			sourceTree = "<group>";
		};
		D017FC551DCC357F00ED835C /* testProjectUITests */ = {
			isa = PBXGroup;
			children = (
				D017FC561DCC357F00ED835C /* testProjectUITests.swift */,
				D017FC581DCC357F00ED835C /* Info.plist */,
			);
			path = testProjectUITests;
			sourceTree = "<group>";
		};
/* End PBXGroup section */

/* Begin PBXNativeTarget section */
		D017FC2F1DCC357E00ED835C /* testProject */ = {
			isa = PBXNativeTarget;
			buildConfigurationList = D017FC5B1DCC357F00ED835C /* Build configuration list for PBXNativeTarget "testProject" */;
			buildPhases = (
				D017FC2C1DCC357E00ED835C /* Sources */,
				D017FC2D1DCC357E00ED835C /* Frameworks */,
				D017FC2E1DCC357E00ED835C /* Resources */,
			);
			buildRules = (
			);
			dependencies = (
			);
			name = testProject;
			productName = testProject;
			productReference = D017FC301DCC357E00ED835C /* testProject.app */;
			productType = "com.apple.product-type.application";
		};
		D017FC461DCC357F00ED835C /* testProjectTests */ = {
			isa = PBXNativeTarget;
			buildConfigurationList = D017FC5E1DCC357F00ED835C /* Build configuration list for PBXNativeTarget "testProjectTests" */;
			buildPhases = (
				D017FC431DCC357F00ED835C /* Sources */,
				D017FC441DCC357F00ED835C /* Frameworks */,
				D017FC451DCC357F00ED835C /* Resources */,
			);
			buildRules = (
			);
			dependencies = (
				D017FC491DCC357F00ED835C /* PBXTargetDependency */,
			);
			name = testProjectTests;
			productName = testProjectTests;
			productReference = D017FC471DCC357F00ED835C /* testProjectTests.xctest */;
			productType = "com.apple.product-type.bundle.unit-test";
		};
		D017FC511DCC357F00ED835C /* testProjectUITests */ = {
			isa = PBXNativeTarget;
			buildConfigurationList = D017FC611DCC357F00ED835C /* Build configuration list for PBXNativeTarget "testProjectUITests" */;
			buildPhases = (
				D017FC4E1DCC357F00ED835C /* Sources */,
				D017FC4F1DCC357F00ED835C /* Frameworks */,
				D017FC501DCC357F00ED835C /* Resources */,
			);
			buildRules = (
			);
			dependencies = (
				D017FC541DCC357F00ED835C /* PBXTargetDependency */,
			);
			name = testProjectUITests;
			productName = testProjectUITests;
			productReference = D017FC521DCC357F00ED835C /* testProjectUITests.xctest */;
			productType = "com.apple.product-type.bundle.ui-testing";
		};
/* End PBXNativeTarget section */

/* Begin PBXProject section */
		D017FC281DCC357E00ED835C /* Project object */ = {
			isa = PBXProject;
			attributes = {
				LastSwiftUpdateCheck = 0810;
				LastUpgradeCheck = 0810;
				ORGANIZATIONNAME = "Benseron-Developer";
				TargetAttributes = {
					D017FC2F1DCC357E00ED835C = {
						CreatedOnToolsVersion = 8.1;
						ProvisioningStyle = Automatic;
					};
					D017FC461DCC357F00ED835C = {
						CreatedOnToolsVersion = 8.1;
						ProvisioningStyle = Automatic;
						TestTargetID = D017FC2F1DCC357E00ED835C;
					};
					D017FC511DCC357F00ED835C = {
						CreatedOnToolsVersion = 8.1;
						ProvisioningStyle = Automatic;
						TestTargetID = D017FC2F1DCC357E00ED835C;
					};
				};
			};
			buildConfigurationList = D017FC2B1DCC357E00ED835C /* Build configuration list for PBXProject "testProject" */;
			compatibilityVersion = "Xcode 3.2";
			developmentRegion = English;
			hasScannedForEncodings = 0;
			knownRegions = (
				en,
				Base,
			);
			mainGroup = D017FC271DCC357E00ED835C;
			productRefGroup = D017FC311DCC357E00ED835C /* Products */;
			projectDirPath = "";
			projectRoot = "";
			targets = (
				D017FC2F1DCC357E00ED835C /* testProject */,
				D017FC461DCC357F00ED835C /* testProjectTests */,
				D017FC511DCC357F00ED835C /* testProjectUITests */,
			);
		};
/* End PBXProject section */

/* Begin PBXResourcesBuildPhase section */
		D017FC2E1DCC357E00ED835C /* Resources */ = {
			isa = PBXResourcesBuildPhase;
			buildActionMask = 2147483647;
			files = (
				D017FC411DCC357F00ED835C /* LaunchScreen.storyboard in Resources */,
				D017FC3E1DCC357F00ED835C /* Assets.xcassets in Resources */,
				D017FC391DCC357E00ED835C /* Main.storyboard in Resources */,
			);
			runOnlyForDeploymentPostprocessing = 0;
		};
		D017FC451DCC357F00ED835C /* Resources */ = {
			isa = PBXResourcesBuildPhase;
			buildActionMask = 2147483647;
			files = (
			);
			runOnlyForDeploymentPostprocessing = 0;
		};
		D017FC501DCC357F00ED835C /* Resources */ = {
			isa = PBXResourcesBuildPhase;
			buildActionMask = 2147483647;
			files = (
			);
			runOnlyForDeploymentPostprocessing = 0;
		};
/* End PBXResourcesBuildPhase section */

/* Begin PBXSourcesBuildPhase section */
		D017FC2C1DCC357E00ED835C /* Sources */ = {
			isa = PBXSourcesBuildPhase;
			buildActionMask = 2147483647;
			files = (
				D017FC3C1DCC357E00ED835C /* testProject.xcdatamodeld in Sources */,
				D017FC361DCC357E00ED835C /* ViewController.swift in Sources */,
				D017FC341DCC357E00ED835C /* AppDelegate.swift in Sources */,
			);
			runOnlyForDeploymentPostprocessing = 0;
		};
		D017FC431DCC357F00ED835C /* Sources */ = {
			isa = PBXSourcesBuildPhase;
			buildActionMask = 2147483647;
			files = (
				D017FC4C1DCC357F00ED835C /* testProjectTests.swift in Sources */,
			);
			runOnlyForDeploymentPostprocessing = 0;
		};
		D017FC4E1DCC357F00ED835C /* Sources */ = {
			isa = PBXSourcesBuildPhase;
			buildActionMask = 2147483647;
			files = (
				D017FC571DCC357F00ED835C /* testProjectUITests.swift in Sources */,
			);
			runOnlyForDeploymentPostprocessing = 0;
		};
/* End PBXSourcesBuildPhase section */

/* Begin PBXTargetDependency section */
		D017FC491DCC357F00ED835C /* PBXTargetDependency */ = {
			isa = PBXTargetDependency;
			target = D017FC2F1DCC357E00ED835C /* testProject */;
			targetProxy = D017FC481DCC357F00ED835C /* PBXContainerItemProxy */;
		};
		D017FC541DCC357F00ED835C /* PBXTargetDependency */ = {
			isa = PBXTargetDependency;
			target = D017FC2F1DCC357E00ED835C /* testProject */;
			targetProxy = D017FC531DCC357F00ED835C /* PBXContainerItemProxy */;
		};
/* End PBXTargetDependency section */

/* Begin PBXVariantGroup section */
		D017FC371DCC357E00ED835C /* Main.storyboard */ = {
			isa = PBXVariantGroup;
			children = (
				D017FC381DCC357E00ED835C /* Base */,
			);
			name = Main.storyboard;
			sourceTree = "<group>";
		};
		D017FC3F1DCC357F00ED835C /* LaunchScreen.storyboard */ = {
			isa = PBXVariantGroup;
			children = (
				D017FC401DCC357F00ED835C /* Base */,
			);
			name = LaunchScreen.storyboard;
			sourceTree = "<group>";
		};
/* End PBXVariantGroup section */

/* Begin XCBuildConfiguration section */
		D017FC591DCC357F00ED835C /* Debug */ = {
			isa = XCBuildConfiguration;
			buildSettings = {
				ALWAYS_SEARCH_USER_PATHS = NO;
				CLANG_ANALYZER_NONNULL = YES;
				CLANG_CXX_LANGUAGE_STANDARD = "gnu++0x";
				CLANG_CXX_LIBRARY = "libc++";
				CLANG_ENABLE_MODULES = YES;
				CLANG_ENABLE_OBJC_ARC = YES;
				CLANG_WARN_BOOL_CONVERSION = YES;
				CLANG_WARN_CONSTANT_CONVERSION = YES;
				CLANG_WARN_DIRECT_OBJC_ISA_USAGE = YES_ERROR;
				CLANG_WARN_DOCUMENTATION_COMMENTS = YES;
				CLANG_WARN_EMPTY_BODY = YES;
				CLANG_WARN_ENUM_CONVERSION = YES;
				CLANG_WARN_INFINITE_RECURSION = YES;
				CLANG_WARN_INT_CONVERSION = YES;
				CLANG_WARN_OBJC_ROOT_CLASS = YES_ERROR;
				CLANG_WARN_SUSPICIOUS_MOVES = YES;
				CLANG_WARN_UNREACHABLE_CODE = YES;
				CLANG_WARN__DUPLICATE_METHOD_MATCH = YES;
				"CODE_SIGN_IDENTITY[sdk=iphoneos*]" = "iPhone Developer";
				COPY_PHASE_STRIP = NO;
				DEBUG_INFORMATION_FORMAT = dwarf;
				ENABLE_STRICT_OBJC_MSGSEND = YES;
				ENABLE_TESTABILITY = YES;
				GCC_C_LANGUAGE_STANDARD = gnu99;
				GCC_DYNAMIC_NO_PIC = NO;
				GCC_NO_COMMON_BLOCKS = YES;
				GCC_OPTIMIZATION_LEVEL = 0;
				GCC_PREPROCESSOR_DEFINITIONS = (
					"DEBUG=1",
					"$(inherited)",
				);
				GCC_WARN_64_TO_32_BIT_CONVERSION = YES;
				GCC_WARN_ABOUT_RETURN_TYPE = YES_ERROR;
				GCC_WARN_UNDECLARED_SELECTOR = YES;
				GCC_WARN_UNINITIALIZED_AUTOS = YES_AGGRESSIVE;
				GCC_WARN_UNUSED_FUNCTION = YES;
				GCC_WARN_UNUSED_VARIABLE = YES;
				IPHONEOS_DEPLOYMENT_TARGET = 10.1;
				MTL_ENABLE_DEBUG_INFO = YES;
				ONLY_ACTIVE_ARCH = YES;
				SDKROOT = iphoneos;
				SWIFT_ACTIVE_COMPILATION_CONDITIONS = DEBUG;
				SWIFT_OPTIMIZATION_LEVEL = "-Onone";
				TARGETED_DEVICE_FAMILY = 2;
			};
			name = Debug;
		};
		D017FC5A1DCC357F00ED835C /* Release */ = {
			isa = XCBuildConfiguration;
			buildSettings = {
				ALWAYS_SEARCH_USER_PATHS = NO;
				CLANG_ANALYZER_NONNULL = YES;
				CLANG_CXX_LANGUAGE_STANDARD = "gnu++0x";
				CLANG_CXX_LIBRARY = "libc++";
				CLANG_ENABLE_MODULES = YES;
				CLANG_ENABLE_OBJC_ARC = YES;
				CLANG_WARN_BOOL_CONVERSION = YES;
				CLANG_WARN_CONSTANT_CONVERSION = YES;
				CLANG_WARN_DIRECT_OBJC_ISA_USAGE = YES_ERROR;
				CLANG_WARN_DOCUMENTATION_COMMENTS = YES;
				CLANG_WARN_EMPTY_BODY = YES;
				CLANG_WARN_ENUM_CONVERSION = YES;
				CLANG_WARN_INFINITE_RECURSION = YES;
				CLANG_WARN_INT_CONVERSION = YES;
				CLANG_WARN_OBJC_ROOT_CLASS = YES_ERROR;
				CLANG_WARN_SUSPICIOUS_MOVES = YES;
				CLANG_WARN_UNREACHABLE_CODE = YES;
				CLANG_WARN__DUPLICATE_METHOD_MATCH = YES;
				"CODE_SIGN_IDENTITY[sdk=iphoneos*]" = "iPhone Developer";
				COPY_PHASE_STRIP = NO;
				DEBUG_INFORMATION_FORMAT = "dwarf-with-dsym";
				ENABLE_NS_ASSERTIONS = NO;
				ENABLE_STRICT_OBJC_MSGSEND = YES;
				GCC_C_LANGUAGE_STANDARD = gnu99;
				GCC_NO_COMMON_BLOCKS = YES;
				GCC_WARN_64_TO_32_BIT_CONVERSION = YES;
				GCC_WARN_ABOUT_RETURN_TYPE = YES_ERROR;
				GCC_WARN_UNDECLARED_SELECTOR = YES;
				GCC_WARN_UNINITIALIZED_AUTOS = YES_AGGRESSIVE;
				GCC_WARN_UNUSED_FUNCTION = YES;
				GCC_WARN_UNUSED_VARIABLE = YES;
				IPHONEOS_DEPLOYMENT_TARGET = 10.1;
				MTL_ENABLE_DEBUG_INFO = NO;
				SDKROOT = iphoneos;
				SWIFT_OPTIMIZATION_LEVEL = "-Owholemodule";
				TARGETED_DEVICE_FAMILY = 2;
				VALIDATE_PRODUCT = YES;
			};
			name = Release;
		};
		D017FC5C1DCC357F00ED835C /* Debug */ = {
			isa = XCBuildConfiguration;
			buildSettings = {
				ASSETCATALOG_COMPILER_APPICON_NAME = AppIcon;
				INFOPLIST_FILE = testProject/Info.plist;
				LD_RUNPATH_SEARCH_PATHS = "$(inherited) @executable_path/Frameworks";
				PRODUCT_BUNDLE_IDENTIFIER = Linga.testProject;
				PRODUCT_NAME = "$(TARGET_NAME)";
				SWIFT_VERSION = 3.0;
			};
			name = Debug;
		};
		D017FC5D1DCC357F00ED835C /* Release */ = {
			isa = XCBuildConfiguration;
			buildSettings = {
				ASSETCATALOG_COMPILER_APPICON_NAME = AppIcon;
				INFOPLIST_FILE = testProject/Info.plist;
				LD_RUNPATH_SEARCH_PATHS = "$(inherited) @executable_path/Frameworks";
				PRODUCT_BUNDLE_IDENTIFIER = Linga.testProject;
				PRODUCT_NAME = "$(TARGET_NAME)";
				SWIFT_VERSION = 3.0;
			};
			name = Release;
		};
		D017FC5F1DCC357F00ED835C /* Debug */ = {
			isa = XCBuildConfiguration;
			buildSettings = {
				ALWAYS_EMBED_SWIFT_STANDARD_LIBRARIES = YES;
				BUNDLE_LOADER = "$(TEST_HOST)";
				INFOPLIST_FILE = testProjectTests/Info.plist;
				LD_RUNPATH_SEARCH_PATHS = "$(inherited) @executable_path/Frameworks @loader_path/Frameworks";
				PRODUCT_BUNDLE_IDENTIFIER = Linga.testProjectTests;
				PRODUCT_NAME = "$(TARGET_NAME)";
				SWIFT_VERSION = 3.0;
				TEST_HOST = "$(BUILT_PRODUCTS_DIR)/testProject.app/testProject";
			};
			name = Debug;
		};
		D017FC601DCC357F00ED835C /* Release */ = {
			isa = XCBuildConfiguration;
			buildSettings = {
				ALWAYS_EMBED_SWIFT_STANDARD_LIBRARIES = YES;
				BUNDLE_LOADER = "$(TEST_HOST)";
				INFOPLIST_FILE = testProjectTests/Info.plist;
				LD_RUNPATH_SEARCH_PATHS = "$(inherited) @executable_path/Frameworks @loader_path/Frameworks";
				PRODUCT_BUNDLE_IDENTIFIER = Linga.testProjectTests;
				PRODUCT_NAME = "$(TARGET_NAME)";
				SWIFT_VERSION = 3.0;
				TEST_HOST = "$(BUILT_PRODUCTS_DIR)/testProject.app/testProject";
			};
			name = Release;
		};
		D017FC621DCC357F00ED835C /* Debug */ = {
			isa = XCBuildConfiguration;
			buildSettings = {
				ALWAYS_EMBED_SWIFT_STANDARD_LIBRARIES = YES;
				INFOPLIST_FILE = testProjectUITests/Info.plist;
				LD_RUNPATH_SEARCH_PATHS = "$(inherited) @executable_path/Frameworks @loader_path/Frameworks";
				PRODUCT_BUNDLE_IDENTIFIER = Linga.testProjectUITests;
				PRODUCT_NAME = "$(TARGET_NAME)";
				SWIFT_VERSION = 3.0;
				TEST_TARGET_NAME = testProject;
			};
			name = Debug;
		};
		D017FC631DCC357F00ED835C /* Release */ = {
			isa = XCBuildConfiguration;
			buildSettings = {
				ALWAYS_EMBED_SWIFT_STANDARD_LIBRARIES = YES;
				INFOPLIST_FILE = testProjectUITests/Info.plist;
				LD_RUNPATH_SEARCH_PATHS = "$(inherited) @executable_path/Frameworks @loader_path/Frameworks";
				PRODUCT_BUNDLE_IDENTIFIER = Linga.testProjectUITests;
				PRODUCT_NAME = "$(TARGET_NAME)";
				SWIFT_VERSION = 3.0;
				TEST_TARGET_NAME = testProject;
			};
			name = Release;
		};
/* End XCBuildConfiguration section */

/* Begin XCConfigurationList section */
		D017FC2B1DCC357E00ED835C /* Build configuration list for PBXProject "testProject" */ = {
			isa = XCConfigurationList;
			buildConfigurations = (
				D017FC591DCC357F00ED835C /* Debug */,
				D017FC5A1DCC357F00ED835C /* Release */,
			);
			defaultConfigurationIsVisible = 0;
			defaultConfigurationName = Release;
		};
		D017FC5B1DCC357F00ED835C /* Build configuration list for PBXNativeTarget "testProject" */ = {
			isa = XCConfigurationList;
			buildConfigurations = (
				D017FC5C1DCC357F00ED835C /* Debug */,
				D017FC5D1DCC357F00ED835C /* Release */,
			);
			defaultConfigurationIsVisible = 0;
		};
		D017FC5E1DCC357F00ED835C /* Build configuration list for PBXNativeTarget "testProjectTests" */ = {
			isa = XCConfigurationList;
			buildConfigurations = (
				D017FC5F1DCC357F00ED835C /* Debug */,
				D017FC601DCC357F00ED835C /* Release */,
			);
			defaultConfigurationIsVisible = 0;
		};
		D017FC611DCC357F00ED835C /* Build configuration list for PBXNativeTarget "testProjectUITests" */ = {
			isa = XCConfigurationList;
			buildConfigurations = (
				D017FC621DCC357F00ED835C /* Debug */,
				D017FC631DCC357F00ED835C /* Release */,
			);
			defaultConfigurationIsVisible = 0;
		};
/* End XCConfigurationList section */

/* Begin XCVersionGroup section */
		D017FC3A1DCC357E00ED835C /* testProject.xcdatamodeld */ = {
			isa = XCVersionGroup;
			children = (
				D017FC3B1DCC357E00ED835C /* testProject.xcdatamodel */,
			);
			currentVersion = D017FC3B1DCC357E00ED835C /* testProject.xcdatamodel */;
			path = testProject.xcdatamodeld;
			sourceTree = "<group>";
			versionGroupType = wrapper.xcdatamodel;
		};
/* End XCVersionGroup section */
	};
	rootObject = D017FC281DCC357E00ED835C /* Project object */;
}
